
Microsoft Visual Studio Solution File, Format Version 12.00
# Visual Studio Version 17
VisualStudioVersion = 17.10.35027.167
MinimumVisualStudioVersion = 10.0.40219.1
Project("{FAE04EC0-301F-11D3-BF4B-00C04F79EFBC}") = "VerzosaLabActivity4", "VerzosaLabActivity4\VerzosaLabActivity4.csproj", "{1ADECBFC-285E-455E-A8F0-19992FC1F079}"
EndProject
Global
	GlobalSection(SolutionConfigurationPlatforms) = preSolution
		Debug|Any CPU = Debug|Any CPU
		Release|Any CPU = Release|Any CPU
	EndGlobalSection
	GlobalSection(ProjectConfigurationPlatforms) = postSolution
		{1ADECBFC-285E-455E-A8F0-19992FC1F079}.Debug|Any CPU.ActiveCfg = Debug|Any CPU
		{1ADECBFC-285E-455E-A8F0-19992FC1F079}.Debug|Any CPU.Build.0 = Debug|Any CPU
		{1ADECBFC-285E-455E-A8F0-19992FC1F079}.Release|Any CPU.ActiveCfg = Release|Any CPU
		{1ADECBFC-285E-455E-A8F0-19992FC1F079}.Release|Any CPU.Build.0 = Release|Any CPU
	EndGlobalSection
	GlobalSection(SolutionProperties) = preSolution
		HideSolutionNode = FALSE
	EndGlobalSection
	GlobalSection(ExtensibilityGlobals) = postSolution
		SolutionGuid = {AB8D91EE-0D82-4740-8BB9-DF3F3E4F5661}
	EndGlobalSection
EndGlobal
